
Microsoft Visual Studio Solution File, Format Version 12.00
# Visual Studio Version 17
VisualStudioVersion = 17.7.34031.279
MinimumVisualStudioVersion = 10.0.40219.1
Project("{FAE04EC0-301F-11D3-BF4B-00C04F79EFBC}") = "QuanLyDienThoai", "QuanLyDienThoai\QuanLyDienThoai.csproj", "{879E0EDC-4292-4C4E-A928-1C6457F49180}"
EndProject
Global
	GlobalSection(SolutionConfigurationPlatforms) = preSolution
		Debug|Any CPU = Debug|Any CPU
		Release|Any CPU = Release|Any CPU
	EndGlobalSection
	GlobalSection(ProjectConfigurationPlatforms) = postSolution
		{879E0EDC-4292-4C4E-A928-1C6457F49180}.Debug|Any CPU.ActiveCfg = Debug|Any CPU
		{879E0EDC-4292-4C4E-A928-1C6457F49180}.Debug|Any CPU.Build.0 = Debug|Any CPU
		{879E0EDC-4292-4C4E-A928-1C6457F49180}.Release|Any CPU.ActiveCfg = Release|Any CPU
		{879E0EDC-4292-4C4E-A928-1C6457F49180}.Release|Any CPU.Build.0 = Release|Any CPU
	EndGlobalSection
	GlobalSection(SolutionProperties) = preSolution
		HideSolutionNode = FALSE
	EndGlobalSection
	GlobalSection(ExtensibilityGlobals) = postSolution
		SolutionGuid = {04E677DA-AB9C-45A2-AF36-888E03632B0D}
	EndGlobalSection
EndGlobal
